{
  "nodes": {
    "flake-utils": {
      "inputs": {
        "systems": "systems"
      },
      "locked": {
        "lastModified": 1731533236,
        "narHash": "sha256-l0KFg5HjrsfsO/JpG+r7fRrqm12kzFHyUHqHCVpMMbI=",
        "owner": "numtide",
        "repo": "flake-utils",
        "rev": "11707dc2f618dd54ca8739b309ec4fc024de578b",
        "type": "github"
      },
      "original": {
        "owner": "numtide",
        "repo": "flake-utils",
        "type": "github"
      }
    },
    "flake-utils_2": {
      "inputs": {
        "systems": "systems_2"
      },
      "locked": {
        "lastModified": 1731533236,
        "narHash": "sha256-l0KFg5HjrsfsO/JpG+r7fRrqm12kzFHyUHqHCVpMMbI=",
        "owner": "numtide",
        "repo": "flake-utils",
        "rev": "11707dc2f618dd54ca8739b309ec4fc024de578b",
        "type": "github"
      },
      "original": {
        "owner": "numtide",
        "repo": "flake-utils",
        "type": "github"
      }
    },
    "kble-nix": {
      "inputs": {
        "flake-utils": "flake-utils_2",
        "kble-src": "kble-src",
        "nixpkgs": "nixpkgs"
      },
      "locked": {
        "lastModified": 1782556078,
        "narHash": "sha256-jjj/YEEAKj4Id7sorwB2/+0TrSsrOmK6BPCudo3TCiQ=",
        "owner": "Lugendre",
        "repo": "kble-nix",
        "rev": "08563fbf60e7840f71c2080f3bdbde3febbd2434",
        "type": "github"
      },
      "original": {
        "owner": "Lugendre",
        "repo": "kble-nix",
        "type": "github"
      }
    },
    "kble-src": {
      "flake": false,
      "locked": {
        "lastModified": 1781609339,
        "narHash": "sha256-k4LFrYdYtPoCTd4CU4Vfw4Ne0iCFehHLmsBE5IaAKQk=",
        "owner": "arkedge",
        "repo": "kble",
        "rev": "3960309c2b86b80962c843ad58236c7ccb1fa162",
        "type": "github"
      },
      "original": {
        "owner": "arkedge",
        "ref": "v0.5.0",
        "repo": "kble",
        "type": "github"
      }
    },
    "nixpkgs": {
      "locked": {
        "lastModified": 1782467914,
        "narHash": "sha256-pGvFkM8N0xEkIIXDe5YYfbEAvHrk4IxBrjB/x8OomhE=",
        "owner": "NixOS",
        "repo": "nixpkgs",
        "rev": "e73de5be04e0eff4190a1432b946d469c794e7b4",
        "type": "github"
      },
      "original": {
        "owner": "NixOS",
        "ref": "nixos-unstable",
        "repo": "nixpkgs",
        "type": "github"
      }
    },
    "nixpkgs_2": {
      "locked": {
        "lastModified": 1772956932,
        "narHash": "sha256-M0yS4AafhKxPPmOHGqIV0iKxgNO8bHDWdl1kOwGBwRY=",
        "owner": "NixOS",
        "repo": "nixpkgs",
        "rev": "608d0cadfed240589a7eea422407a547ad626a14",
        "type": "github"
      },
      "original": {
        "owner": "NixOS",
        "ref": "nixpkgs-unstable",
        "repo": "nixpkgs",
        "type": "github"
      }
    },
    "probe-rs-tools-nix": {
      "inputs": {
        "nixpkgs": "nixpkgs_2"
      },
      "locked": {
        "lastModified": 1773159646,
        "narHash": "sha256-yAxiHPU3TPF1eZChIiDQyKA7tU2VWuDFtKI9t5VKkpQ=",
        "owner": "Lugendre",
        "repo": "probe-rs-tools-nix",
        "rev": "a406dec4843b4793e81eb7fdbd9dfb59526248e6",
        "type": "github"
      },
      "original": {
        "owner": "Lugendre",
        "repo": "probe-rs-tools-nix",
        "type": "github"
      }
    },
    "root": {
      "inputs": {
        "flake-utils": "flake-utils",
        "kble-nix": "kble-nix",
        "probe-rs-tools-nix": "probe-rs-tools-nix"
      }
    },
    "systems": {
      "locked": {
        "lastModified": 1681028828,
        "narHash": "sha256-Vy1rq5AaRuLzOxct8nz4T6wlgyUR7zLU309k9mBC768=",
        "owner": "nix-systems",
        "repo": "default",
        "rev": "da67096a3b9bf56a91d16901293e51ba5b49a27e",
        "type": "github"
      },
      "original": {
        "owner": "nix-systems",
        "repo": "default",
        "type": "github"
      }
    },
    "systems_2": {
      "locked": {
        "lastModified": 1681028828,
        "narHash": "sha256-Vy1rq5AaRuLzOxct8nz4T6wlgyUR7zLU309k9mBC768=",
        "owner": "nix-systems",
        "repo": "default",
        "rev": "da67096a3b9bf56a91d16901293e51ba5b49a27e",
        "type": "github"
      },
      "original": {
        "owner": "nix-systems",
        "repo": "default",
        "type": "github"
      }
    }
  },
  "root": "root",
  "version": 7
}
